
Microsoft Visual Studio Solution File, Format Version 12.00
# Visual Studio Version 16
VisualStudioVersion = 16.0.31025.194
MinimumVisualStudioVersion = 10.0.40219.1
Project("{FAE04EC0-301F-11D3-BF4B-00C04F79EFBC}") = "CustomXMLRulesValidator", "CustomXMLRulesValidator\CustomXMLRulesValidator.csproj", "{AFF1D0F8-6D9C-4F21-998C-7809901DD760}"
EndProject
Global
	GlobalSection(SolutionConfigurationPlatforms) = preSolution
		Debug|Any CPU = Debug|Any CPU
		Release|Any CPU = Release|Any CPU
	EndGlobalSection
	GlobalSection(ProjectConfigurationPlatforms) = postSolution
		{AFF1D0F8-6D9C-4F21-998C-7809901DD760}.Debug|Any CPU.ActiveCfg = Debug|Any CPU
		{AFF1D0F8-6D9C-4F21-998C-7809901DD760}.Debug|Any CPU.Build.0 = Debug|Any CPU
		{AFF1D0F8-6D9C-4F21-998C-7809901DD760}.Release|Any CPU.ActiveCfg = Release|Any CPU
		{AFF1D0F8-6D9C-4F21-998C-7809901DD760}.Release|Any CPU.Build.0 = Release|Any CPU
	EndGlobalSection
	GlobalSection(SolutionProperties) = preSolution
		HideSolutionNode = FALSE
	EndGlobalSection
	GlobalSection(ExtensibilityGlobals) = postSolution
		SolutionGuid = {C18CDE54-92EF-4BAB-87A8-AE01BB397247}
	EndGlobalSection
EndGlobal
